
Microsoft Visual Studio Solution File, Format Version 12.00
# Visual Studio 15
VisualStudioVersion = 15.0.27428.2037
MinimumVisualStudioVersion = 10.0.40219.1
Project("{8BC9CEB8-8B4A-11D0-8D11-00A0C91BC942}") = "20180702_01stg", "20180702_01stg.vcxproj", "{A1E154DC-FD1D-4503-A286-A26605D8FDC0}"
EndProject
Global
	GlobalSection(SolutionConfigurationPlatforms) = preSolution
		Debug|x64 = Debug|x64
		Debug|x86 = Debug|x86
		Release|x64 = Release|x64
		Release|x86 = Release|x86
	EndGlobalSection
	GlobalSection(ProjectConfigurationPlatforms) = postSolution
		{A1E154DC-FD1D-4503-A286-A26605D8FDC0}.Debug|x64.ActiveCfg = Debug|x64
		{A1E154DC-FD1D-4503-A286-A26605D8FDC0}.Debug|x64.Build.0 = Debug|x64
		{A1E154DC-FD1D-4503-A286-A26605D8FDC0}.Debug|x86.ActiveCfg = Debug|Win32
		{A1E154DC-FD1D-4503-A286-A26605D8FDC0}.Debug|x86.Build.0 = Debug|Win32
		{A1E154DC-FD1D-4503-A286-A26605D8FDC0}.Release|x64.ActiveCfg = Release|x64
		{A1E154DC-FD1D-4503-A286-A26605D8FDC0}.Release|x64.Build.0 = Release|x64
		{A1E154DC-FD1D-4503-A286-A26605D8FDC0}.Release|x86.ActiveCfg = Release|Win32
		{A1E154DC-FD1D-4503-A286-A26605D8FDC0}.Release|x86.Build.0 = Release|Win32
	EndGlobalSection
	GlobalSection(SolutionProperties) = preSolution
		HideSolutionNode = FALSE
	EndGlobalSection
	GlobalSection(ExtensibilityGlobals) = postSolution
		SolutionGuid = {13E8FBF6-C953-43BE-AF2C-6DC2F4727E29}
	EndGlobalSection
EndGlobal
